{
    "egulias/email-validator": {
        "version": "3.1.1"
    },
    "monolog/monolog": {
        "version": "2.2.0"
    },
    "php": {
        "version": "8.0"
    },
    "symfony/debug-bundle": {
        "version": "4.1",
        "recipe": {
            "repo": "github.com/symfony/recipes",
            "branch": "master",
            "version": "4.1",
            "ref": "0ce7a032d344fb7b661cd25d31914cd703ad445b"
        },
        "files": [
            "config/packages/dev/debug.yaml"
        ]
    },
    "symfony/debug-pack": {
        "version": "v1.0.9"
    },
    "symfony/mailer": {
        "version": "4.3",
        "recipe": {
            "repo": "github.com/symfony/recipes",
            "branch": "master",
            "version": "4.3",
            "ref": "15658c2a0176cda2e7dba66276a2030b52bd81b2"
        },
        "files": [
            "config/packages/mailer.yaml"
        ]
    },
    "symfony/mime": {
        "version": "v5.2.7"
    },
    "symfony/monolog-bridge": {
        "version": "v5.2.7"
    },
    "symfony/monolog-bundle": {
        "version": "3.7",
        "recipe": {
            "repo": "github.com/symfony/recipes",
            "branch": "master",
            "version": "3.7",
            "ref": "329f6a5ef2e7aa033f802be833ef8d1268dd0848"
        },
        "files": [
            "config/packages/dev/monolog.yaml",
            "config/packages/prod/deprecations.yaml",
            "config/packages/prod/monolog.yaml",
            "config/packages/test/monolog.yaml"
        ]
    },
    "symfony/polyfill-intl-idn": {
        "version": "v1.22.1"
    },
    "symfony/profiler-pack": {
        "version": "v1.0.5"
    },
    "symfony/security-bundle": {
        "version": "5.1",
        "recipe": {
            "repo": "github.com/symfony/recipes",
            "branch": "master",
            "version": "5.1",
            "ref": "0a4bae19389d3b9cba1ca0102e3b2bccea724603"
        },
        "files": [
            "config/packages/security.yaml"
        ]
    },
    "symfony/security-guard": {
        "version": "v5.2.8"
    },
    "symfony/security-http": {
        "version": "v5.2.8"
    },
    "symfony/web-profiler-bundle": {
        "version": "3.3",
        "recipe": {
            "repo": "github.com/symfony/recipes",
            "branch": "master",
            "version": "3.3",
            "ref": "6bdfa1a95f6b2e677ab985cd1af2eae35d62e0f6"
        },
        "files": [
            "config/packages/dev/web_profiler.yaml",
            "config/packages/test/web_profiler.yaml",
            "config/routes/dev/web_profiler.yaml"
        ]
    }
}
